<?xml version="1.0" encoding="utf-8"?>
<Project ToolsVersion="4.0" xmlns="http://schemas.microsoft.com/developer/msbuild/2003">
  <ItemGroup>
    <Filter Include="Source Files">
      <UniqueIdentifier>{4FC737F1-C7A5-4376-A066-2A32D752A2FF}</UniqueIdentifier>
      <Extensions>cpp;c;cc;cxx;c++;cppm;ixx;def;odl;idl;hpj;bat;asm;asmx</Extensions>
    </Filter>
    <Filter Include="Header Files">
      <UniqueIdentifier>{93995380-89BD-4b04-88EB-625FBE52EBFB}</UniqueIdentifier>
      <Extensions>h;hh;hpp;hxx;h++;hm;inl;inc;ipp;xsd</Extensions>
    </Filter>
    <Filter Include="Resource Files">
      <UniqueIdentifier>{67DA6AB6-F800-4c08-8B7A-83BB121AAD01}</UniqueIdentifier>
      <Extensions>rc;ico;cur;bmp;dlg;rc2;rct;bin;rgs;gif;jpg;jpeg;jpe;resx;tiff;tif;png;wav;mfcribbon-ms</Extensions>
    </Filter>
  </ItemGroup>
  <ItemGroup>
    <ClInclude Include="PowerUpType.h">
      <Filter>Header Files</Filter>
    </ClInclude>
    <ClInclude Include="Script\BallController.h">
      <Filter>Header Files</Filter>
    </ClInclude>
    <ClInclude Include="Script\BallParticleSettings.h">
      <Filter>Header Files</Filter>
    </ClInclude>
    <ClInclude Include="Breakout.h">
      <Filter>Header Files</Filter>
    </ClInclude>
    <ClInclude Include="Script\BrickController.h">
      <Filter>Header Files</Filter>
    </ClInclude>
    <ClInclude Include="Script\GameLevel.h">
      <Filter>Header Files</Filter>
    </ClInclude>
    <ClInclude Include="Script\PostProcessData.h">
      <Filter>Header Files</Filter>
    </ClInclude>
    <ClInclude Include="PowerUpController.h">
      <Filter>Header Files</Filter>
    </ClInclude>
    <ClInclude Include="PowerUpObject.h">
      <Filter>Header Files</Filter>
    </ClInclude>
    <ClInclude Include="Script\BackgroundController.h">
      <Filter>Header Files</Filter>
    </ClInclude>
    <ClInclude Include="Script\PlayerController.h">
      <Filter>Header Files</Filter>
    </ClInclude>
  </ItemGroup>
  <ItemGroup>
    <ClCompile Include="Script\BallController.cpp">
      <Filter>Source Files</Filter>
    </ClCompile>
    <ClCompile Include="Script\BallParticleSettings.cpp">
      <Filter>Source Files</Filter>
    </ClCompile>
    <ClCompile Include="Breakout.cpp">
      <Filter>Source Files</Filter>
    </ClCompile>
    <ClCompile Include="Script\GameLevel.cpp">
      <Filter>Source Files</Filter>
    </ClCompile>
    <ClCompile Include="main.cpp">
      <Filter>Source Files</Filter>
    </ClCompile>
    <ClCompile Include="Script\BackgroundController.cpp">
      <Filter>Source Files</Filter>
    </ClCompile>
    <ClCompile Include="Script\PlayerController.cpp">
      <Filter>Source Files</Filter>
    </ClCompile>
    <ClCompile Include="Script\BrickController.cpp">
      <Filter>Source Files</Filter>
    </ClCompile>
  </ItemGroup>
  <ItemGroup>
    <None Include="Assets\Shaders\PostProcessing.fs" />
    <None Include="Assets\Shaders\PostProcessing.vs" />
    <None Include="Assets\Levels\four.lvl" />
    <None Include="Assets\Levels\one.lvl" />
    <None Include="Assets\Levels\three.lvl" />
    <None Include="Assets\Levels\two.lvl" />
  </ItemGroup>
  <ItemGroup>
    <Font Include="Assets\Fonts\OCRAEXT.TTF" />
  </ItemGroup>
  <ItemGroup>
    <Image Include="Assets\Images\awesomeface.png">
      <Filter>Resource Files</Filter>
    </Image>
    <Image Include="Assets\Images\background.jpg">
      <Filter>Resource Files</Filter>
    </Image>
    <Image Include="Assets\Images\block.png">
      <Filter>Resource Files</Filter>
    </Image>
    <Image Include="Assets\Images\block_solid.png">
      <Filter>Resource Files</Filter>
    </Image>
    <Image Include="Assets\Images\paddle.png">
      <Filter>Resource Files</Filter>
    </Image>
    <Image Include="Assets\Images\particle.png">
      <Filter>Resource Files</Filter>
    </Image>
    <Image Include="Assets\Images\powerup_chaos.png">
      <Filter>Resource Files</Filter>
    </Image>
    <Image Include="Assets\Images\powerup_confuse.png">
      <Filter>Resource Files</Filter>
    </Image>
    <Image Include="Assets\Images\powerup_increase.png">
      <Filter>Resource Files</Filter>
    </Image>
    <Image Include="Assets\Images\powerup_passthrough.png">
      <Filter>Resource Files</Filter>
    </Image>
    <Image Include="Assets\Images\powerup_speed.png">
      <Filter>Resource Files</Filter>
    </Image>
    <Image Include="Assets\Images\powerup_sticky.png">
      <Filter>Resource Files</Filter>
    </Image>
  </ItemGroup>
  <ItemGroup>
    <Media Include="Assets\Sounds\bleep.mp3" />
    <Media Include="Assets\Sounds\bleep.wav">
      <Filter>Resource Files</Filter>
    </Media>
    <Media Include="Assets\Sounds\breakout.mp3" />
    <Media Include="Assets\Sounds\powerup.wav">
      <Filter>Resource Files</Filter>
    </Media>
    <Media Include="Assets\Sounds\solid.wav">
      <Filter>Resource Files</Filter>
    </Media>
  </ItemGroup>
</Project>