
Microsoft Visual Studio Solution File, Format Version 12.00
# Visual Studio Version 17
VisualStudioVersion = 17.9.34728.123
MinimumVisualStudioVersion = 10.0.40219.1
Project("{8BC9CEB8-8B4A-11D0-8D11-00A0C91BC942}") = "Learning2DEngine", "Learning2DEngine\Learning2DEngine.vcxproj", "{ADAB7EDA-73C6-4E6D-8900-5B0B4CE68529}"
EndProject
Project("{8BC9CEB8-8B4A-11D0-8D11-00A0C91BC942}") = "Breakout", "Breakout\Breakout.vcxproj", "{4DB73889-493A-411D-A4D8-6859AE1F5C39}"
EndProject
Project("{8BC9CEB8-8B4A-11D0-8D11-00A0C91BC942}") = "Snake", "Snake\Snake.vcxproj", "{B0D106B9-8339-4747-AAE3-209D092DF18A}"
	ProjectSection(ProjectDependencies) = postProject
		{ADAB7EDA-73C6-4E6D-8900-5B0B4CE68529} = {ADAB7EDA-73C6-4E6D-8900-5B0B4CE68529}
	EndProjectSection
EndProject
Project("{2150E333-8FDC-42A3-9474-1A3956D46DE8}") = "Solution Items", "Solution Items", "{B9BE6FF5-D4AF-4DD3-99F8-783D68A0D15D}"
	ProjectSection(SolutionItems) = preProject
		README.md = README.md
	EndProjectSection
EndProject
Project("{2150E333-8FDC-42A3-9474-1A3956D46DE8}") = "Documentations", "Documentations", "{7D0103D8-E9BE-40E0-AFE3-E14A6F3B9CAC}"
	ProjectSection(SolutionItems) = preProject
		Documentations\Breakout.md = Documentations\Breakout.md
		Documentations\Learning2DEngine.md = Documentations\Learning2DEngine.md
		Documentations\Snake.md = Documentations\Snake.md
		Documentations\TheCollector.md = Documentations\TheCollector.md
	EndProjectSection
EndProject
Project("{2150E333-8FDC-42A3-9474-1A3956D46DE8}") = "Learning2DEngine", "Learning2DEngine", "{0CC89BBB-1730-4365-AE78-CA6FF717F7EC}"
	ProjectSection(SolutionItems) = preProject
		Documentations\Learning2DEngine\DebugTool.md = Documentations\Learning2DEngine\DebugTool.md
		Documentations\Learning2DEngine\EventSystem.md = Documentations\Learning2DEngine\EventSystem.md
		Documentations\Learning2DEngine\Object.md = Documentations\Learning2DEngine\Object.md
		Documentations\Learning2DEngine\ParticleSimulator.md = Documentations\Learning2DEngine\ParticleSimulator.md
		Documentations\Learning2DEngine\Physics.md = Documentations\Learning2DEngine\Physics.md
		Documentations\Learning2DEngine\Render.md = Documentations\Learning2DEngine\Render.md
		Documentations\Learning2DEngine\System.md = Documentations\Learning2DEngine\System.md
		Documentations\Learning2DEngine\UI.md = Documentations\Learning2DEngine\UI.md
	EndProjectSection
EndProject
Project("{2150E333-8FDC-42A3-9474-1A3956D46DE8}") = "Images", "Images", "{33829A3E-458D-4C41-9730-5F8CF17A3A33}"
	ProjectSection(SolutionItems) = preProject
		Documentations\Images\breakout.png = Documentations\Images\breakout.png
		Documentations\Images\snake.png = Documentations\Images\snake.png
		Documentations\Images\thecollector.png = Documentations\Images\thecollector.png
	EndProjectSection
EndProject
Project("{8BC9CEB8-8B4A-11D0-8D11-00A0C91BC942}") = "TheCollector", "TheCollector\TheCollector.vcxproj", "{EF496A81-97CB-4CCB-994F-C2FA0515BFCB}"
	ProjectSection(ProjectDependencies) = postProject
		{ADAB7EDA-73C6-4E6D-8900-5B0B4CE68529} = {ADAB7EDA-73C6-4E6D-8900-5B0B4CE68529}
	EndProjectSection
EndProject
Global
	GlobalSection(SolutionConfigurationPlatforms) = preSolution
		Debug|x64 = Debug|x64
		Release|x64 = Release|x64
	EndGlobalSection
	GlobalSection(ProjectConfigurationPlatforms) = postSolution
		{ADAB7EDA-73C6-4E6D-8900-5B0B4CE68529}.Debug|x64.ActiveCfg = Debug|x64
		{ADAB7EDA-73C6-4E6D-8900-5B0B4CE68529}.Debug|x64.Build.0 = Debug|x64
		{ADAB7EDA-73C6-4E6D-8900-5B0B4CE68529}.Release|x64.ActiveCfg = Release|x64
		{ADAB7EDA-73C6-4E6D-8900-5B0B4CE68529}.Release|x64.Build.0 = Release|x64
		{4DB73889-493A-411D-A4D8-6859AE1F5C39}.Debug|x64.ActiveCfg = Debug|x64
		{4DB73889-493A-411D-A4D8-6859AE1F5C39}.Debug|x64.Build.0 = Debug|x64
		{4DB73889-493A-411D-A4D8-6859AE1F5C39}.Release|x64.ActiveCfg = Release|x64
		{4DB73889-493A-411D-A4D8-6859AE1F5C39}.Release|x64.Build.0 = Release|x64
		{B0D106B9-8339-4747-AAE3-209D092DF18A}.Debug|x64.ActiveCfg = Debug|x64
		{B0D106B9-8339-4747-AAE3-209D092DF18A}.Debug|x64.Build.0 = Debug|x64
		{B0D106B9-8339-4747-AAE3-209D092DF18A}.Release|x64.ActiveCfg = Release|x64
		{B0D106B9-8339-4747-AAE3-209D092DF18A}.Release|x64.Build.0 = Release|x64
		{EF496A81-97CB-4CCB-994F-C2FA0515BFCB}.Debug|x64.ActiveCfg = Debug|x64
		{EF496A81-97CB-4CCB-994F-C2FA0515BFCB}.Debug|x64.Build.0 = Debug|x64
		{EF496A81-97CB-4CCB-994F-C2FA0515BFCB}.Release|x64.ActiveCfg = Release|x64
		{EF496A81-97CB-4CCB-994F-C2FA0515BFCB}.Release|x64.Build.0 = Release|x64
	EndGlobalSection
	GlobalSection(SolutionProperties) = preSolution
		HideSolutionNode = FALSE
	EndGlobalSection
	GlobalSection(NestedProjects) = preSolution
		{7D0103D8-E9BE-40E0-AFE3-E14A6F3B9CAC} = {B9BE6FF5-D4AF-4DD3-99F8-783D68A0D15D}
		{0CC89BBB-1730-4365-AE78-CA6FF717F7EC} = {7D0103D8-E9BE-40E0-AFE3-E14A6F3B9CAC}
		{33829A3E-458D-4C41-9730-5F8CF17A3A33} = {7D0103D8-E9BE-40E0-AFE3-E14A6F3B9CAC}
	EndGlobalSection
	GlobalSection(ExtensibilityGlobals) = postSolution
		SolutionGuid = {AA12A092-246A-44A1-8AE4-F57F47A1A49B}
	EndGlobalSection
EndGlobal
